
Microsoft Visual Studio Solution File, Format Version 12.00
# Visual Studio Version 17
VisualStudioVersion = 17.8.34511.84
MinimumVisualStudioVersion = 10.0.40219.1
Project("{FAE04EC0-301F-11D3-BF4B-00C04F79EFBC}") = "LinuxCP.Server", "LinuxCP.Server\LinuxCP.Server.csproj", "{5A1413A8-F0BE-4CDD-91F2-ADEFBE622331}"
EndProject
Project("{54A90642-561A-4BB1-A94E-469ADEE60C69}") = "linuxcp.client", "linuxcp.client\linuxcp.client.esproj", "{411389D3-4B78-4216-B4B1-17B6C9F0BB97}"
EndProject
Project("{FAE04EC0-301F-11D3-BF4B-00C04F79EFBC}") = "LinuxCP.Infrastructure", "LinuxCP.Infrastructure\LinuxCP.Infrastructure.csproj", "{E4D547AF-EEEF-4A7B-8A3A-0AA44418E140}"
EndProject
Project("{FAE04EC0-301F-11D3-BF4B-00C04F79EFBC}") = "LinuxCP.Application", "LinuxCP.Application\LinuxCP.Application.csproj", "{00A86D05-ABC8-4341-9C5C-7276293BF5FD}"
EndProject
Project("{FAE04EC0-301F-11D3-BF4B-00C04F79EFBC}") = "LinuxCP.Domain", "LinuxCP.Domain\LinuxCP.Domain.csproj", "{FE23C4A1-8011-4523-9B00-A71FA9C08468}"
EndProject
Global
	GlobalSection(SolutionConfigurationPlatforms) = preSolution
		Debug|Any CPU = Debug|Any CPU
		Release|Any CPU = Release|Any CPU
	EndGlobalSection
	GlobalSection(ProjectConfigurationPlatforms) = postSolution
		{5A1413A8-F0BE-4CDD-91F2-ADEFBE622331}.Debug|Any CPU.ActiveCfg = Debug|Any CPU
		{5A1413A8-F0BE-4CDD-91F2-ADEFBE622331}.Debug|Any CPU.Build.0 = Debug|Any CPU
		{5A1413A8-F0BE-4CDD-91F2-ADEFBE622331}.Release|Any CPU.ActiveCfg = Release|Any CPU
		{5A1413A8-F0BE-4CDD-91F2-ADEFBE622331}.Release|Any CPU.Build.0 = Release|Any CPU
		{411389D3-4B78-4216-B4B1-17B6C9F0BB97}.Debug|Any CPU.ActiveCfg = Debug|Any CPU
		{411389D3-4B78-4216-B4B1-17B6C9F0BB97}.Debug|Any CPU.Build.0 = Debug|Any CPU
		{411389D3-4B78-4216-B4B1-17B6C9F0BB97}.Debug|Any CPU.Deploy.0 = Debug|Any CPU
		{411389D3-4B78-4216-B4B1-17B6C9F0BB97}.Release|Any CPU.ActiveCfg = Release|Any CPU
		{411389D3-4B78-4216-B4B1-17B6C9F0BB97}.Release|Any CPU.Build.0 = Release|Any CPU
		{411389D3-4B78-4216-B4B1-17B6C9F0BB97}.Release|Any CPU.Deploy.0 = Release|Any CPU
		{E4D547AF-EEEF-4A7B-8A3A-0AA44418E140}.Debug|Any CPU.ActiveCfg = Debug|Any CPU
		{E4D547AF-EEEF-4A7B-8A3A-0AA44418E140}.Debug|Any CPU.Build.0 = Debug|Any CPU
		{E4D547AF-EEEF-4A7B-8A3A-0AA44418E140}.Release|Any CPU.ActiveCfg = Release|Any CPU
		{E4D547AF-EEEF-4A7B-8A3A-0AA44418E140}.Release|Any CPU.Build.0 = Release|Any CPU
		{00A86D05-ABC8-4341-9C5C-7276293BF5FD}.Debug|Any CPU.ActiveCfg = Debug|Any CPU
		{00A86D05-ABC8-4341-9C5C-7276293BF5FD}.Debug|Any CPU.Build.0 = Debug|Any CPU
		{00A86D05-ABC8-4341-9C5C-7276293BF5FD}.Release|Any CPU.ActiveCfg = Release|Any CPU
		{00A86D05-ABC8-4341-9C5C-7276293BF5FD}.Release|Any CPU.Build.0 = Release|Any CPU
		{FE23C4A1-8011-4523-9B00-A71FA9C08468}.Debug|Any CPU.ActiveCfg = Debug|Any CPU
		{FE23C4A1-8011-4523-9B00-A71FA9C08468}.Debug|Any CPU.Build.0 = Debug|Any CPU
		{FE23C4A1-8011-4523-9B00-A71FA9C08468}.Release|Any CPU.ActiveCfg = Release|Any CPU
		{FE23C4A1-8011-4523-9B00-A71FA9C08468}.Release|Any CPU.Build.0 = Release|Any CPU
	EndGlobalSection
	GlobalSection(SolutionProperties) = preSolution
		HideSolutionNode = FALSE
	EndGlobalSection
	GlobalSection(ExtensibilityGlobals) = postSolution
		SolutionGuid = {B746157D-FFBD-4911-82DA-1D914F4718A0}
	EndGlobalSection
EndGlobal
